
Microsoft Visual Studio Solution File, Format Version 12.00
# Visual Studio Version 16
VisualStudioVersion = 16.0.30717.126
MinimumVisualStudioVersion = 10.0.40219.1
Project("{FAE04EC0-301F-11D3-BF4B-00C04F79EFBC}") = "ProductManagerBackend", "ProductManagerBackend.csproj", "{465A1088-81E1-4DC5-9411-EC73CC0DE6AB}"
EndProject
Global
	GlobalSection(SolutionConfigurationPlatforms) = preSolution
		Debug|Any CPU = Debug|Any CPU
		Release|Any CPU = Release|Any CPU
	EndGlobalSection
	GlobalSection(ProjectConfigurationPlatforms) = postSolution
		{465A1088-81E1-4DC5-9411-EC73CC0DE6AB}.Debug|Any CPU.ActiveCfg = Debug|Any CPU
		{465A1088-81E1-4DC5-9411-EC73CC0DE6AB}.Debug|Any CPU.Build.0 = Debug|Any CPU
		{465A1088-81E1-4DC5-9411-EC73CC0DE6AB}.Release|Any CPU.ActiveCfg = Release|Any CPU
		{465A1088-81E1-4DC5-9411-EC73CC0DE6AB}.Release|Any CPU.Build.0 = Release|Any CPU
	EndGlobalSection
	GlobalSection(SolutionProperties) = preSolution
		HideSolutionNode = FALSE
	EndGlobalSection
	GlobalSection(ExtensibilityGlobals) = postSolution
		SolutionGuid = {701D8C3B-1414-4028-9703-183C9FC4B8DB}
	EndGlobalSection
EndGlobal
